
Microsoft Visual Studio Solution File, Format Version 12.00
# Visual Studio Version 17
VisualStudioVersion = 17.9.34728.123
MinimumVisualStudioVersion = 10.0.40219.1
Project("{FAE04EC0-301F-11D3-BF4B-00C04F79EFBC}") = "LINQ", "LINQ\LINQ.csproj", "{B89D019E-FB38-4C5F-B9C7-4943D8E52FFC}"
EndProject
Global
	GlobalSection(SolutionConfigurationPlatforms) = preSolution
		Debug|Any CPU = Debug|Any CPU
		Release|Any CPU = Release|Any CPU
	EndGlobalSection
	GlobalSection(ProjectConfigurationPlatforms) = postSolution
		{B89D019E-FB38-4C5F-B9C7-4943D8E52FFC}.Debug|Any CPU.ActiveCfg = Debug|Any CPU
		{B89D019E-FB38-4C5F-B9C7-4943D8E52FFC}.Debug|Any CPU.Build.0 = Debug|Any CPU
		{B89D019E-FB38-4C5F-B9C7-4943D8E52FFC}.Release|Any CPU.ActiveCfg = Release|Any CPU
		{B89D019E-FB38-4C5F-B9C7-4943D8E52FFC}.Release|Any CPU.Build.0 = Release|Any CPU
	EndGlobalSection
	GlobalSection(SolutionProperties) = preSolution
		HideSolutionNode = FALSE
	EndGlobalSection
	GlobalSection(ExtensibilityGlobals) = postSolution
		SolutionGuid = {F6A4A48C-21ED-4CCB-B159-606B34F4834E}
	EndGlobalSection
EndGlobal
