
Microsoft Visual Studio Solution File, Format Version 12.00
# Visual Studio Version 17
VisualStudioVersion = 17.9.34728.123
MinimumVisualStudioVersion = 10.0.40219.1
Project("{FAE04EC0-301F-11D3-BF4B-00C04F79EFBC}") = "LINQ", "LINQ\LINQ.csproj", "{B89D019E-FB38-4C5F-B9C7-4943D8E52FFC}"
EndProject
Project("{FAE04EC0-301F-11D3-BF4B-00C04F79EFBC}") = "LINQeasySyntax", "LINQeasySyntax\LINQeasySyntax.csproj", "{E4A65810-6966-44E6-B43C-7F665A6A1A8C}"
EndProject
Project("{FAE04EC0-301F-11D3-BF4B-00C04F79EFBC}") = "SubQuery", "SubQuery\SubQuery.csproj", "{C308126F-03C1-49CF-98E0-7193CCE91D2C}"
EndProject
Project("{FAE04EC0-301F-11D3-BF4B-00C04F79EFBC}") = "ConstructionStrategiesComplexRequests", "SubQueriesAndDeferredExecution\ConstructionStrategiesComplexRequests.csproj", "{9E71FC12-547A-4B9F-93F7-8B3D08A16B52}"
EndProject
Project("{FAE04EC0-301F-11D3-BF4B-00C04F79EFBC}") = "ProjectionStrategies", "ProjectionStrategies\ProjectionStrategies.csproj", "{8F27767D-A44C-476A-A243-C420275F8546}"
EndProject
Global
	GlobalSection(SolutionConfigurationPlatforms) = preSolution
		Debug|Any CPU = Debug|Any CPU
		Release|Any CPU = Release|Any CPU
	EndGlobalSection
	GlobalSection(ProjectConfigurationPlatforms) = postSolution
		{B89D019E-FB38-4C5F-B9C7-4943D8E52FFC}.Debug|Any CPU.ActiveCfg = Debug|Any CPU
		{B89D019E-FB38-4C5F-B9C7-4943D8E52FFC}.Debug|Any CPU.Build.0 = Debug|Any CPU
		{B89D019E-FB38-4C5F-B9C7-4943D8E52FFC}.Release|Any CPU.ActiveCfg = Release|Any CPU
		{B89D019E-FB38-4C5F-B9C7-4943D8E52FFC}.Release|Any CPU.Build.0 = Release|Any CPU
		{E4A65810-6966-44E6-B43C-7F665A6A1A8C}.Debug|Any CPU.ActiveCfg = Debug|Any CPU
		{E4A65810-6966-44E6-B43C-7F665A6A1A8C}.Debug|Any CPU.Build.0 = Debug|Any CPU
		{E4A65810-6966-44E6-B43C-7F665A6A1A8C}.Release|Any CPU.ActiveCfg = Release|Any CPU
		{E4A65810-6966-44E6-B43C-7F665A6A1A8C}.Release|Any CPU.Build.0 = Release|Any CPU
		{C308126F-03C1-49CF-98E0-7193CCE91D2C}.Debug|Any CPU.ActiveCfg = Debug|Any CPU
		{C308126F-03C1-49CF-98E0-7193CCE91D2C}.Debug|Any CPU.Build.0 = Debug|Any CPU
		{C308126F-03C1-49CF-98E0-7193CCE91D2C}.Release|Any CPU.ActiveCfg = Release|Any CPU
		{C308126F-03C1-49CF-98E0-7193CCE91D2C}.Release|Any CPU.Build.0 = Release|Any CPU
		{9E71FC12-547A-4B9F-93F7-8B3D08A16B52}.Debug|Any CPU.ActiveCfg = Debug|Any CPU
		{9E71FC12-547A-4B9F-93F7-8B3D08A16B52}.Debug|Any CPU.Build.0 = Debug|Any CPU
		{9E71FC12-547A-4B9F-93F7-8B3D08A16B52}.Release|Any CPU.ActiveCfg = Release|Any CPU
		{9E71FC12-547A-4B9F-93F7-8B3D08A16B52}.Release|Any CPU.Build.0 = Release|Any CPU
		{8F27767D-A44C-476A-A243-C420275F8546}.Debug|Any CPU.ActiveCfg = Debug|Any CPU
		{8F27767D-A44C-476A-A243-C420275F8546}.Debug|Any CPU.Build.0 = Debug|Any CPU
		{8F27767D-A44C-476A-A243-C420275F8546}.Release|Any CPU.ActiveCfg = Release|Any CPU
		{8F27767D-A44C-476A-A243-C420275F8546}.Release|Any CPU.Build.0 = Release|Any CPU
	EndGlobalSection
	GlobalSection(SolutionProperties) = preSolution
		HideSolutionNode = FALSE
	EndGlobalSection
	GlobalSection(ExtensibilityGlobals) = postSolution
		SolutionGuid = {F6A4A48C-21ED-4CCB-B159-606B34F4834E}
	EndGlobalSection
EndGlobal
